
Microsoft Visual Studio Solution File, Format Version 12.00
# Visual Studio 15
VisualStudioVersion = 15.0.26228.4
MinimumVisualStudioVersion = 10.0.40219.1
Project("{FAE04EC0-301F-11D3-BF4B-00C04F79EFBC}") = "Stealth.Common", "Stealth.Common\Stealth.Common.csproj", "{189E7221-3462-4904-8FB0-2E759B63B917}"
EndProject
Global
	GlobalSection(SolutionConfigurationPlatforms) = preSolution
		Debug|Any CPU = Debug|Any CPU
		Debug|x64 = Debug|x64
		Release|Any CPU = Release|Any CPU
		Release|x64 = Release|x64
	EndGlobalSection
	GlobalSection(ProjectConfigurationPlatforms) = postSolution
		{189E7221-3462-4904-8FB0-2E759B63B917}.Debug|Any CPU.ActiveCfg = Debug|x64
		{189E7221-3462-4904-8FB0-2E759B63B917}.Debug|Any CPU.Build.0 = Debug|x64
		{189E7221-3462-4904-8FB0-2E759B63B917}.Debug|x64.ActiveCfg = Debug|x64
		{189E7221-3462-4904-8FB0-2E759B63B917}.Debug|x64.Build.0 = Debug|x64
		{189E7221-3462-4904-8FB0-2E759B63B917}.Release|Any CPU.ActiveCfg = Release|Any CPU
		{189E7221-3462-4904-8FB0-2E759B63B917}.Release|Any CPU.Build.0 = Release|Any CPU
		{189E7221-3462-4904-8FB0-2E759B63B917}.Release|x64.ActiveCfg = Release|x64
		{189E7221-3462-4904-8FB0-2E759B63B917}.Release|x64.Build.0 = Release|x64
	EndGlobalSection
	GlobalSection(SolutionProperties) = preSolution
		HideSolutionNode = FALSE
	EndGlobalSection
	GlobalSection(TeamFoundationVersionControl) = preSolution
		SccNumberOfProjects = 2
		SccEnterpriseProvider = {4CA58AB2-18FA-4F8D-95D4-32DDF27D184C}
		SccTeamFoundationServer = https://stealth22pd.visualstudio.com/
		SccLocalPath0 = .
		SccProjectUniqueName1 = Stealth.Common\\Stealth.Common.csproj
		SccProjectName1 = Stealth.Common
		SccLocalPath1 = Stealth.Common
	EndGlobalSection
EndGlobal
